
Microsoft Visual Studio Solution File, Format Version 12.00
# Visual Studio Version 17
VisualStudioVersion = 17.9.34902.65
MinimumVisualStudioVersion = 10.0.40219.1
Project("{FAE04EC0-301F-11D3-BF4B-00C04F79EFBC}") = "ValidadorCPF-AZ204", "ValidadorCPF-AZ204.csproj", "{D88193BE-7A6A-48CF-916A-C0228C134C61}"
EndProject
Global
	GlobalSection(SolutionConfigurationPlatforms) = preSolution
		Debug|Any CPU = Debug|Any CPU
		Release|Any CPU = Release|Any CPU
	EndGlobalSection
	GlobalSection(ProjectConfigurationPlatforms) = postSolution
		{D88193BE-7A6A-48CF-916A-C0228C134C61}.Debug|Any CPU.ActiveCfg = Debug|Any CPU
		{D88193BE-7A6A-48CF-916A-C0228C134C61}.Debug|Any CPU.Build.0 = Debug|Any CPU
		{D88193BE-7A6A-48CF-916A-C0228C134C61}.Release|Any CPU.ActiveCfg = Release|Any CPU
		{D88193BE-7A6A-48CF-916A-C0228C134C61}.Release|Any CPU.Build.0 = Release|Any CPU
	EndGlobalSection
	GlobalSection(SolutionProperties) = preSolution
		HideSolutionNode = FALSE
	EndGlobalSection
	GlobalSection(ExtensibilityGlobals) = postSolution
		SolutionGuid = {A45243AA-645A-4244-B919-68C864D88866}
	EndGlobalSection
EndGlobal
